
Microsoft Visual Studio Solution File, Format Version 12.00
# Visual Studio Version 16
VisualStudioVersion = 16.0.31105.61
MinimumVisualStudioVersion = 10.0.40219.1
Project("{FAE04EC0-301F-11D3-BF4B-00C04F79EFBC}") = "GeoTiffReaderTest", "GeoTiffReaderTest.csproj", "{D85FE7A3-2D91-4212-B2F5-7A914090D6D3}"
EndProject
Project("{FAE04EC0-301F-11D3-BF4B-00C04F79EFBC}") = "UnitTests", "UnitTests\UnitTests.csproj", "{94809753-ED95-4E8D-A0B3-2F5D66D007EA}"
EndProject
Global
	GlobalSection(SolutionConfigurationPlatforms) = preSolution
		Debug|x64 = Debug|x64
		Release|x64 = Release|x64
	EndGlobalSection
	GlobalSection(ProjectConfigurationPlatforms) = postSolution
		{D85FE7A3-2D91-4212-B2F5-7A914090D6D3}.Debug|x64.ActiveCfg = Debug|x64
		{D85FE7A3-2D91-4212-B2F5-7A914090D6D3}.Debug|x64.Build.0 = Debug|x64
		{D85FE7A3-2D91-4212-B2F5-7A914090D6D3}.Release|x64.ActiveCfg = Release|x64
		{D85FE7A3-2D91-4212-B2F5-7A914090D6D3}.Release|x64.Build.0 = Release|x64
		{94809753-ED95-4E8D-A0B3-2F5D66D007EA}.Debug|x64.ActiveCfg = Debug|x64
		{94809753-ED95-4E8D-A0B3-2F5D66D007EA}.Debug|x64.Build.0 = Debug|x64
		{94809753-ED95-4E8D-A0B3-2F5D66D007EA}.Release|x64.ActiveCfg = Release|x64
		{94809753-ED95-4E8D-A0B3-2F5D66D007EA}.Release|x64.Build.0 = Release|x64
	EndGlobalSection
	GlobalSection(SolutionProperties) = preSolution
		HideSolutionNode = FALSE
	EndGlobalSection
	GlobalSection(ExtensibilityGlobals) = postSolution
		SolutionGuid = {AFCE04F1-9B17-4CCA-946C-65575EC772EA}
	EndGlobalSection
EndGlobal
